{
  "nodes": {
    "nixpkgs": {
      "locked": {
        "lastModified": 1681092589,
        "narHash": "sha256-I11GYL+6yD6dX89H0WaMiptE52NZ2Tmx+rA23TUyfH8=",
        "owner": "nixos",
        "repo": "nixpkgs",
        "rev": "83ca2cd74539fb8e79d46e233f6bb1d978c36f32",
        "type": "github"
      },
      "original": {
        "owner": "nixos",
        "ref": "nixpkgs-unstable",
        "repo": "nixpkgs",
        "type": "github"
      }
    },
    "root": {
      "inputs": {
        "nixpkgs": "nixpkgs"
      }
    }
  },
  "root": "root",
  "version": 7
}
